// !$*UTF8*$!
{
	archiveVersion = 1;
	classes = {
	};
	objectVersion = 50;
	objects = {

/* Begin PBXBuildFile section */
		5A167B4122AE2F6200FC062D /* CinemaViewController.m in Sources */ = {isa = PBXBuildFile; fileRef = 5A167B4022AE2F6200FC062D /* CinemaViewController.m */; };
		5A167B4422AE2F7F00FC062D /* MyViewController.m in Sources */ = {isa = PBXBuildFile; fileRef = 5A167B4322AE2F7F00FC062D /* MyViewController.m */; };
		5A3941A522AF80290049BD5E /* LQScrollView.m in Sources */ = {isa = PBXBuildFile; fileRef = 5A3941A422AF80290049BD5E /* LQScrollView.m */; };
		5A68283A22A8AB0D00CC3D6F /* AppDelegate.m in Sources */ = {isa = PBXBuildFile; fileRef = 5A68283922A8AB0D00CC3D6F /* AppDelegate.m */; };
		5A68283D22A8AB0D00CC3D6F /* ViewController.m in Sources */ = {isa = PBXBuildFile; fileRef = 5A68283C22A8AB0D00CC3D6F /* ViewController.m */; };
		5A68284022A8AB0D00CC3D6F /* Main.storyboard in Resources */ = {isa = PBXBuildFile; fileRef = 5A68283E22A8AB0D00CC3D6F /* Main.storyboard */; };
		5A68284222A8AB0F00CC3D6F /* Assets.xcassets in Resources */ = {isa = PBXBuildFile; fileRef = 5A68284122A8AB0F00CC3D6F /* Assets.xcassets */; };
		5A68284522A8AB0F00CC3D6F /* LaunchScreen.storyboard in Resources */ = {isa = PBXBuildFile; fileRef = 5A68284322A8AB0F00CC3D6F /* LaunchScreen.storyboard */; };
		5A68284822A8AB0F00CC3D6F /* main.m in Sources */ = {isa = PBXBuildFile; fileRef = 5A68284722A8AB0F00CC3D6F /* main.m */; };
		5A68285C22AC9AB500CC3D6F /* MovieViewController.m in Sources */ = {isa = PBXBuildFile; fileRef = 5A68285B22AC9AB500CC3D6F /* MovieViewController.m */; };
		5A68285F22AC9CF100CC3D6F /* MovieTableViewCell.m in Sources */ = {isa = PBXBuildFile; fileRef = 5A68285E22AC9CF100CC3D6F /* MovieTableViewCell.m */; };
		5A68286222ACDE4200CC3D6F /* MovieModel.m in Sources */ = {isa = PBXBuildFile; fileRef = 5A68286122ACDE4200CC3D6F /* MovieModel.m */; };
		63F307B79803FFD051E261E3 /* libPods-唯独影院.a in Frameworks */ = {isa = PBXBuildFile; fileRef = 3652ED37F845449FBD78621A /* libPods-唯独影院.a */; };
/* End PBXBuildFile section */

/* Begin PBXFileReference section */
		3652ED37F845449FBD78621A /* libPods-唯独影院.a */ = {isa = PBXFileReference; explicitFileType = archive.ar; includeInIndex = 0; path = "libPods-唯独影院.a"; sourceTree = BUILT_PRODUCTS_DIR; };
		5A167B3F22AE2F6200FC062D /* CinemaViewController.h */ = {isa = PBXFileReference; lastKnownFileType = sourcecode.c.h; path = CinemaViewController.h; sourceTree = "<group>"; };
		5A167B4022AE2F6200FC062D /* CinemaViewController.m */ = {isa = PBXFileReference; lastKnownFileType = sourcecode.c.objc; path = CinemaViewController.m; sourceTree = "<group>"; };
		5A167B4222AE2F7F00FC062D /* MyViewController.h */ = {isa = PBXFileReference; lastKnownFileType = sourcecode.c.h; path = MyViewController.h; sourceTree = "<group>"; };
		5A167B4322AE2F7F00FC062D /* MyViewController.m */ = {isa = PBXFileReference; lastKnownFileType = sourcecode.c.objc; path = MyViewController.m; sourceTree = "<group>"; };
		5A3941A322AF80290049BD5E /* LQScrollView.h */ = {isa = PBXFileReference; fileEncoding = 4; lastKnownFileType = sourcecode.c.h; path = LQScrollView.h; sourceTree = "<group>"; };
		5A3941A422AF80290049BD5E /* LQScrollView.m */ = {isa = PBXFileReference; fileEncoding = 4; lastKnownFileType = sourcecode.c.objc; path = LQScrollView.m; sourceTree = "<group>"; };
		5A68283522A8AB0D00CC3D6F /* 唯独影院.app */ = {isa = PBXFileReference; explicitFileType = wrapper.application; includeInIndex = 0; path = "唯独影院.app"; sourceTree = BUILT_PRODUCTS_DIR; };
		5A68283822A8AB0D00CC3D6F /* AppDelegate.h */ = {isa = PBXFileReference; lastKnownFileType = sourcecode.c.h; path = AppDelegate.h; sourceTree = "<group>"; };
		5A68283922A8AB0D00CC3D6F /* AppDelegate.m */ = {isa = PBXFileReference; lastKnownFileType = sourcecode.c.objc; path = AppDelegate.m; sourceTree = "<group>"; };
		5A68283B22A8AB0D00CC3D6F /* ViewController.h */ = {isa = PBXFileReference; lastKnownFileType = sourcecode.c.h; path = ViewController.h; sourceTree = "<group>"; };
		5A68283C22A8AB0D00CC3D6F /* ViewController.m */ = {isa = PBXFileReference; lastKnownFileType = sourcecode.c.objc; path = ViewController.m; sourceTree = "<group>"; };
		5A68283F22A8AB0D00CC3D6F /* Base */ = {isa = PBXFileReference; lastKnownFileType = file.storyboard; name = Base; path = Base.lproj/Main.storyboard; sourceTree = "<group>"; };
		5A68284122A8AB0F00CC3D6F /* Assets.xcassets */ = {isa = PBXFileReference; lastKnownFileType = folder.assetcatalog; path = Assets.xcassets; sourceTree = "<group>"; };
		5A68284422A8AB0F00CC3D6F /* Base */ = {isa = PBXFileReference; lastKnownFileType = file.storyboard; name = Base; path = Base.lproj/LaunchScreen.storyboard; sourceTree = "<group>"; };
		5A68284622A8AB0F00CC3D6F /* Info.plist */ = {isa = PBXFileReference; lastKnownFileType = text.plist.xml; path = Info.plist; sourceTree = "<group>"; };
		5A68284722A8AB0F00CC3D6F /* main.m */ = {isa = PBXFileReference; lastKnownFileType = sourcecode.c.objc; path = main.m; sourceTree = "<group>"; };
		5A68285A22AC9AB500CC3D6F /* MovieViewController.h */ = {isa = PBXFileReference; lastKnownFileType = sourcecode.c.h; path = MovieViewController.h; sourceTree = "<group>"; };
		5A68285B22AC9AB500CC3D6F /* MovieViewController.m */ = {isa = PBXFileReference; lastKnownFileType = sourcecode.c.objc; path = MovieViewController.m; sourceTree = "<group>"; };
		5A68285D22AC9CF100CC3D6F /* MovieTableViewCell.h */ = {isa = PBXFileReference; lastKnownFileType = sourcecode.c.h; path = MovieTableViewCell.h; sourceTree = "<group>"; };
		5A68285E22AC9CF100CC3D6F /* MovieTableViewCell.m */ = {isa = PBXFileReference; lastKnownFileType = sourcecode.c.objc; path = MovieTableViewCell.m; sourceTree = "<group>"; };
		5A68286022ACDE4200CC3D6F /* MovieModel.h */ = {isa = PBXFileReference; lastKnownFileType = sourcecode.c.h; path = MovieModel.h; sourceTree = "<group>"; };
		5A68286122ACDE4200CC3D6F /* MovieModel.m */ = {isa = PBXFileReference; lastKnownFileType = sourcecode.c.objc; path = MovieModel.m; sourceTree = "<group>"; };
		9E267295BF769BFA7BCF79CF /* Pods-唯独影院.debug.xcconfig */ = {isa = PBXFileReference; includeInIndex = 1; lastKnownFileType = text.xcconfig; name = "Pods-唯独影院.debug.xcconfig"; path = "Pods/Target Support Files/Pods-唯独影院/Pods-唯独影院.debug.xcconfig"; sourceTree = "<group>"; };
		F5747749059D9D3B9E8B3C32 /* Pods-唯独影院.release.xcconfig */ = {isa = PBXFileReference; includeInIndex = 1; lastKnownFileType = text.xcconfig; name = "Pods-唯独影院.release.xcconfig"; path = "Pods/Target Support Files/Pods-唯独影院/Pods-唯独影院.release.xcconfig"; sourceTree = "<group>"; };
/* End PBXFileReference section */

/* Begin PBXFrameworksBuildPhase section */
		5A68283222A8AB0D00CC3D6F /* Frameworks */ = {
			isa = PBXFrameworksBuildPhase;
			buildActionMask = 2147483647;
			files = (
				63F307B79803FFD051E261E3 /* libPods-唯独影院.a in Frameworks */,
			);
			runOnlyForDeploymentPostprocessing = 0;
		};
/* End PBXFrameworksBuildPhase section */

/* Begin PBXGroup section */
		31EF0CBA8311BACCD193C1E7 /* Pods */ = {
			isa = PBXGroup;
			children = (
				9E267295BF769BFA7BCF79CF /* Pods-唯独影院.debug.xcconfig */,
				F5747749059D9D3B9E8B3C32 /* Pods-唯独影院.release.xcconfig */,
			);
			name = Pods;
			sourceTree = "<group>";
		};
		5A68282C22A8AB0D00CC3D6F = {
			isa = PBXGroup;
			children = (
				5A68283722A8AB0D00CC3D6F /* 唯独影院 */,
				5A68283622A8AB0D00CC3D6F /* Products */,
				31EF0CBA8311BACCD193C1E7 /* Pods */,
				BD387F79A5DA971A6F8C70E7 /* Frameworks */,
			);
			sourceTree = "<group>";
		};
		5A68283622A8AB0D00CC3D6F /* Products */ = {
			isa = PBXGroup;
			children = (
				5A68283522A8AB0D00CC3D6F /* 唯独影院.app */,
			);
			name = Products;
			sourceTree = "<group>";
		};
		5A68283722A8AB0D00CC3D6F /* 唯独影院 */ = {
			isa = PBXGroup;
			children = (
				5A68285022A8AB2400CC3D6F /* 电影 */,
				5A68284F22A8AB2300CC3D6F /* 影院 */,
				5A68284E22A8AB2100CC3D6F /* 我的 */,
				5A68283822A8AB0D00CC3D6F /* AppDelegate.h */,
				5A68283922A8AB0D00CC3D6F /* AppDelegate.m */,
				5A68283B22A8AB0D00CC3D6F /* ViewController.h */,
				5A68283C22A8AB0D00CC3D6F /* ViewController.m */,
				5A68283E22A8AB0D00CC3D6F /* Main.storyboard */,
				5A68284122A8AB0F00CC3D6F /* Assets.xcassets */,
				5A68284322A8AB0F00CC3D6F /* LaunchScreen.storyboard */,
				5A68284622A8AB0F00CC3D6F /* Info.plist */,
				5A68284722A8AB0F00CC3D6F /* main.m */,
			);
			path = "唯独影院";
			sourceTree = "<group>";
		};
		5A68284E22A8AB2100CC3D6F /* 我的 */ = {
			isa = PBXGroup;
			children = (
				5A68285922AC913000CC3D6F /* Model */,
				5A68285822AC912F00CC3D6F /* View */,
				5A68285722AC912E00CC3D6F /* Controller */,
			);
			path = "我的";
			sourceTree = "<group>";
		};
		5A68284F22A8AB2300CC3D6F /* 影院 */ = {
			isa = PBXGroup;
			children = (
				5A68285622AC912B00CC3D6F /* Model */,
				5A68285522AC912A00CC3D6F /* View */,
				5A68285422AC912600CC3D6F /* Controller */,
			);
			path = "影院";
			sourceTree = "<group>";
		};
		5A68285022A8AB2400CC3D6F /* 电影 */ = {
			isa = PBXGroup;
			children = (
				5A68285322A8AB3E00CC3D6F /* Model */,
				5A68285222A8AB3D00CC3D6F /* View */,
				5A68285122A8AB3A00CC3D6F /* Controller */,
			);
			path = "电影";
			sourceTree = "<group>";
		};
		5A68285122A8AB3A00CC3D6F /* Controller */ = {
			isa = PBXGroup;
			children = (
				5A68285A22AC9AB500CC3D6F /* MovieViewController.h */,
				5A68285B22AC9AB500CC3D6F /* MovieViewController.m */,
			);
			path = Controller;
			sourceTree = "<group>";
		};
		5A68285222A8AB3D00CC3D6F /* View */ = {
			isa = PBXGroup;
			children = (
				5A68285D22AC9CF100CC3D6F /* MovieTableViewCell.h */,
				5A68285E22AC9CF100CC3D6F /* MovieTableViewCell.m */,
				5A3941A322AF80290049BD5E /* LQScrollView.h */,
				5A3941A422AF80290049BD5E /* LQScrollView.m */,
			);
			path = View;
			sourceTree = "<group>";
		};
		5A68285322A8AB3E00CC3D6F /* Model */ = {
			isa = PBXGroup;
			children = (
				5A68286022ACDE4200CC3D6F /* MovieModel.h */,
				5A68286122ACDE4200CC3D6F /* MovieModel.m */,
			);
			path = Model;
			sourceTree = "<group>";
		};
		5A68285422AC912600CC3D6F /* Controller */ = {
			isa = PBXGroup;
			children = (
				5A167B3F22AE2F6200FC062D /* CinemaViewController.h */,
				5A167B4022AE2F6200FC062D /* CinemaViewController.m */,
			);
			path = Controller;
			sourceTree = "<group>";
		};
		5A68285522AC912A00CC3D6F /* View */ = {
			isa = PBXGroup;
			children = (
			);
			path = View;
			sourceTree = "<group>";
		};
		5A68285622AC912B00CC3D6F /* Model */ = {
			isa = PBXGroup;
			children = (
			);
			path = Model;
			sourceTree = "<group>";
		};
		5A68285722AC912E00CC3D6F /* Controller */ = {
			isa = PBXGroup;
			children = (
				5A167B4222AE2F7F00FC062D /* MyViewController.h */,
				5A167B4322AE2F7F00FC062D /* MyViewController.m */,
			);
			path = Controller;
			sourceTree = "<group>";
		};
		5A68285822AC912F00CC3D6F /* View */ = {
			isa = PBXGroup;
			children = (
			);
			path = View;
			sourceTree = "<group>";
		};
		5A68285922AC913000CC3D6F /* Model */ = {
			isa = PBXGroup;
			children = (
			);
			path = Model;
			sourceTree = "<group>";
		};
		BD387F79A5DA971A6F8C70E7 /* Frameworks */ = {
			isa = PBXGroup;
			children = (
				3652ED37F845449FBD78621A /* libPods-唯独影院.a */,
			);
			name = Frameworks;
			sourceTree = "<group>";
		};
/* End PBXGroup section */

/* Begin PBXNativeTarget section */
		5A68283422A8AB0D00CC3D6F /* 唯独影院 */ = {
			isa = PBXNativeTarget;
			buildConfigurationList = 5A68284B22A8AB0F00CC3D6F /* Build configuration list for PBXNativeTarget "唯独影院" */;
			buildPhases = (
				F35F0F316F47E82F692E77EE /* [CP] Check Pods Manifest.lock */,
				5A68283122A8AB0D00CC3D6F /* Sources */,
				5A68283222A8AB0D00CC3D6F /* Frameworks */,
				5A68283322A8AB0D00CC3D6F /* Resources */,
				29BD0741AF519EAECC9C1C9C /* [CP] Copy Pods Resources */,
			);
			buildRules = (
			);
			dependencies = (
			);
			name = "唯独影院";
			productName = "唯独影院";
			productReference = 5A68283522A8AB0D00CC3D6F /* 唯独影院.app */;
			productType = "com.apple.product-type.application";
		};
/* End PBXNativeTarget section */

/* Begin PBXProject section */
		5A68282D22A8AB0D00CC3D6F /* Project object */ = {
			isa = PBXProject;
			attributes = {
				LastUpgradeCheck = 1000;
				ORGANIZATIONNAME = "史建伟";
				TargetAttributes = {
					5A68283422A8AB0D00CC3D6F = {
						CreatedOnToolsVersion = 10.0;
					};
				};
			};
			buildConfigurationList = 5A68283022A8AB0D00CC3D6F /* Build configuration list for PBXProject "唯独影院" */;
			compatibilityVersion = "Xcode 9.3";
			developmentRegion = en;
			hasScannedForEncodings = 0;
			knownRegions = (
				en,
				Base,
			);
			mainGroup = 5A68282C22A8AB0D00CC3D6F;
			productRefGroup = 5A68283622A8AB0D00CC3D6F /* Products */;
			projectDirPath = "";
			projectRoot = "";
			targets = (
				5A68283422A8AB0D00CC3D6F /* 唯独影院 */,
			);
		};
/* End PBXProject section */

/* Begin PBXResourcesBuildPhase section */
		5A68283322A8AB0D00CC3D6F /* Resources */ = {
			isa = PBXResourcesBuildPhase;
			buildActionMask = 2147483647;
			files = (
				5A68284522A8AB0F00CC3D6F /* LaunchScreen.storyboard in Resources */,
				5A68284222A8AB0F00CC3D6F /* Assets.xcassets in Resources */,
				5A68284022A8AB0D00CC3D6F /* Main.storyboard in Resources */,
			);
			runOnlyForDeploymentPostprocessing = 0;
		};
/* End PBXResourcesBuildPhase section */

/* Begin PBXShellScriptBuildPhase section */
		29BD0741AF519EAECC9C1C9C /* [CP] Copy Pods Resources */ = {
			isa = PBXShellScriptBuildPhase;
			buildActionMask = 2147483647;
			files = (
			);
			inputFileListPaths = (
			);
			inputPaths = (
				"${SRCROOT}/Pods/Target Support Files/Pods-唯独影院/Pods-唯独影院-resources.sh",
				"${PODS_ROOT}/MJRefresh/MJRefresh/MJRefresh.bundle",
				"${PODS_ROOT}/SVProgressHUD/SVProgressHUD/SVProgressHUD.bundle",
			);
			name = "[CP] Copy Pods Resources";
			outputFileListPaths = (
			);
			outputPaths = (
				"${TARGET_BUILD_DIR}/${UNLOCALIZED_RESOURCES_FOLDER_PATH}/MJRefresh.bundle",
				"${TARGET_BUILD_DIR}/${UNLOCALIZED_RESOURCES_FOLDER_PATH}/SVProgressHUD.bundle",
			);
			runOnlyForDeploymentPostprocessing = 0;
			shellPath = /bin/sh;
			shellScript = "\"${SRCROOT}/Pods/Target Support Files/Pods-唯独影院/Pods-唯独影院-resources.sh\"\n";
			showEnvVarsInLog = 0;
		};
		F35F0F316F47E82F692E77EE /* [CP] Check Pods Manifest.lock */ = {
			isa = PBXShellScriptBuildPhase;
			buildActionMask = 2147483647;
			files = (
			);
			inputFileListPaths = (
			);
			inputPaths = (
				"${PODS_PODFILE_DIR_PATH}/Podfile.lock",
				"${PODS_ROOT}/Manifest.lock",
			);
			name = "[CP] Check Pods Manifest.lock";
			outputFileListPaths = (
			);
			outputPaths = (
				"$(DERIVED_FILE_DIR)/Pods-唯独影院-checkManifestLockResult.txt",
			);
			runOnlyForDeploymentPostprocessing = 0;
			shellPath = /bin/sh;
			shellScript = "diff \"${PODS_PODFILE_DIR_PATH}/Podfile.lock\" \"${PODS_ROOT}/Manifest.lock\" > /dev/null\nif [ $? != 0 ] ; then\n    # print error to STDERR\n    echo \"error: The sandbox is not in sync with the Podfile.lock. Run 'pod install' or update your CocoaPods installation.\" >&2\n    exit 1\nfi\n# This output is used by Xcode 'outputs' to avoid re-running this script phase.\necho \"SUCCESS\" > \"${SCRIPT_OUTPUT_FILE_0}\"\n";
			showEnvVarsInLog = 0;
		};
/* End PBXShellScriptBuildPhase section */

/* Begin PBXSourcesBuildPhase section */
		5A68283122A8AB0D00CC3D6F /* Sources */ = {
			isa = PBXSourcesBuildPhase;
			buildActionMask = 2147483647;
			files = (
				5A68283D22A8AB0D00CC3D6F /* ViewController.m in Sources */,
				5A68284822A8AB0F00CC3D6F /* main.m in Sources */,
				5A167B4422AE2F7F00FC062D /* MyViewController.m in Sources */,
				5A167B4122AE2F6200FC062D /* CinemaViewController.m in Sources */,
				5A68283A22A8AB0D00CC3D6F /* AppDelegate.m in Sources */,
				5A68285F22AC9CF100CC3D6F /* MovieTableViewCell.m in Sources */,
				5A68286222ACDE4200CC3D6F /* MovieModel.m in Sources */,
				5A3941A522AF80290049BD5E /* LQScrollView.m in Sources */,
				5A68285C22AC9AB500CC3D6F /* MovieViewController.m in Sources */,
			);
			runOnlyForDeploymentPostprocessing = 0;
		};
/* End PBXSourcesBuildPhase section */

/* Begin PBXVariantGroup section */
		5A68283E22A8AB0D00CC3D6F /* Main.storyboard */ = {
			isa = PBXVariantGroup;
			children = (
				5A68283F22A8AB0D00CC3D6F /* Base */,
			);
			name = Main.storyboard;
			sourceTree = "<group>";
		};
		5A68284322A8AB0F00CC3D6F /* LaunchScreen.storyboard */ = {
			isa = PBXVariantGroup;
			children = (
				5A68284422A8AB0F00CC3D6F /* Base */,
			);
			name = LaunchScreen.storyboard;
			sourceTree = "<group>";
		};
/* End PBXVariantGroup section */

/* Begin XCBuildConfiguration section */
		5A68284922A8AB0F00CC3D6F /* Debug */ = {
			isa = XCBuildConfiguration;
			buildSettings = {
				ALWAYS_SEARCH_USER_PATHS = NO;
				CLANG_ANALYZER_NONNULL = YES;
				CLANG_ANALYZER_NUMBER_OBJECT_CONVERSION = YES_AGGRESSIVE;
				CLANG_CXX_LANGUAGE_STANDARD = "gnu++14";
				CLANG_CXX_LIBRARY = "libc++";
				CLANG_ENABLE_MODULES = YES;
				CLANG_ENABLE_OBJC_ARC = YES;
				CLANG_ENABLE_OBJC_WEAK = YES;
				CLANG_WARN_BLOCK_CAPTURE_AUTORELEASING = YES;
				CLANG_WARN_BOOL_CONVERSION = YES;
				CLANG_WARN_COMMA = YES;
				CLANG_WARN_CONSTANT_CONVERSION = YES;
				CLANG_WARN_DEPRECATED_OBJC_IMPLEMENTATIONS = YES;
				CLANG_WARN_DIRECT_OBJC_ISA_USAGE = YES_ERROR;
				CLANG_WARN_DOCUMENTATION_COMMENTS = YES;
				CLANG_WARN_EMPTY_BODY = YES;
				CLANG_WARN_ENUM_CONVERSION = YES;
				CLANG_WARN_INFINITE_RECURSION = YES;
				CLANG_WARN_INT_CONVERSION = YES;
				CLANG_WARN_NON_LITERAL_NULL_CONVERSION = YES;
				CLANG_WARN_OBJC_IMPLICIT_RETAIN_SELF = YES;
				CLANG_WARN_OBJC_LITERAL_CONVERSION = YES;
				CLANG_WARN_OBJC_ROOT_CLASS = YES_ERROR;
				CLANG_WARN_RANGE_LOOP_ANALYSIS = YES;
				CLANG_WARN_STRICT_PROTOTYPES = YES;
				CLANG_WARN_SUSPICIOUS_MOVE = YES;
				CLANG_WARN_UNGUARDED_AVAILABILITY = YES_AGGRESSIVE;
				CLANG_WARN_UNREACHABLE_CODE = YES;
				CLANG_WARN__DUPLICATE_METHOD_MATCH = YES;
				CODE_SIGN_IDENTITY = "iPhone Developer";
				COPY_PHASE_STRIP = NO;
				DEBUG_INFORMATION_FORMAT = dwarf;
				ENABLE_STRICT_OBJC_MSGSEND = YES;
				ENABLE_TESTABILITY = YES;
				GCC_C_LANGUAGE_STANDARD = gnu11;
				GCC_DYNAMIC_NO_PIC = NO;
				GCC_NO_COMMON_BLOCKS = YES;
				GCC_OPTIMIZATION_LEVEL = 0;
				GCC_PREPROCESSOR_DEFINITIONS = (
					"DEBUG=1",
					"$(inherited)",
				);
				GCC_WARN_64_TO_32_BIT_CONVERSION = YES;
				GCC_WARN_ABOUT_RETURN_TYPE = YES_ERROR;
				GCC_WARN_UNDECLARED_SELECTOR = YES;
				GCC_WARN_UNINITIALIZED_AUTOS = YES_AGGRESSIVE;
				GCC_WARN_UNUSED_FUNCTION = YES;
				GCC_WARN_UNUSED_VARIABLE = YES;
				IPHONEOS_DEPLOYMENT_TARGET = 12.0;
				MTL_ENABLE_DEBUG_INFO = INCLUDE_SOURCE;
				MTL_FAST_MATH = YES;
				ONLY_ACTIVE_ARCH = YES;
				SDKROOT = iphoneos;
			};
			name = Debug;
		};
		5A68284A22A8AB0F00CC3D6F /* Release */ = {
			isa = XCBuildConfiguration;
			buildSettings = {
				ALWAYS_SEARCH_USER_PATHS = NO;
				CLANG_ANALYZER_NONNULL = YES;
				CLANG_ANALYZER_NUMBER_OBJECT_CONVERSION = YES_AGGRESSIVE;
				CLANG_CXX_LANGUAGE_STANDARD = "gnu++14";
				CLANG_CXX_LIBRARY = "libc++";
				CLANG_ENABLE_MODULES = YES;
				CLANG_ENABLE_OBJC_ARC = YES;
				CLANG_ENABLE_OBJC_WEAK = YES;
				CLANG_WARN_BLOCK_CAPTURE_AUTORELEASING = YES;
				CLANG_WARN_BOOL_CONVERSION = YES;
				CLANG_WARN_COMMA = YES;
				CLANG_WARN_CONSTANT_CONVERSION = YES;
				CLANG_WARN_DEPRECATED_OBJC_IMPLEMENTATIONS = YES;
				CLANG_WARN_DIRECT_OBJC_ISA_USAGE = YES_ERROR;
				CLANG_WARN_DOCUMENTATION_COMMENTS = YES;
				CLANG_WARN_EMPTY_BODY = YES;
				CLANG_WARN_ENUM_CONVERSION = YES;
				CLANG_WARN_INFINITE_RECURSION = YES;
				CLANG_WARN_INT_CONVERSION = YES;
				CLANG_WARN_NON_LITERAL_NULL_CONVERSION = YES;
				CLANG_WARN_OBJC_IMPLICIT_RETAIN_SELF = YES;
				CLANG_WARN_OBJC_LITERAL_CONVERSION = YES;
				CLANG_WARN_OBJC_ROOT_CLASS = YES_ERROR;
				CLANG_WARN_RANGE_LOOP_ANALYSIS = YES;
				CLANG_WARN_STRICT_PROTOTYPES = YES;
				CLANG_WARN_SUSPICIOUS_MOVE = YES;
				CLANG_WARN_UNGUARDED_AVAILABILITY = YES_AGGRESSIVE;
				CLANG_WARN_UNREACHABLE_CODE = YES;
				CLANG_WARN__DUPLICATE_METHOD_MATCH = YES;
				CODE_SIGN_IDENTITY = "iPhone Developer";
				COPY_PHASE_STRIP = NO;
				DEBUG_INFORMATION_FORMAT = "dwarf-with-dsym";
				ENABLE_NS_ASSERTIONS = NO;
				ENABLE_STRICT_OBJC_MSGSEND = YES;
				GCC_C_LANGUAGE_STANDARD = gnu11;
				GCC_NO_COMMON_BLOCKS = YES;
				GCC_WARN_64_TO_32_BIT_CONVERSION = YES;
				GCC_WARN_ABOUT_RETURN_TYPE = YES_ERROR;
				GCC_WARN_UNDECLARED_SELECTOR = YES;
				GCC_WARN_UNINITIALIZED_AUTOS = YES_AGGRESSIVE;
				GCC_WARN_UNUSED_FUNCTION = YES;
				GCC_WARN_UNUSED_VARIABLE = YES;
				IPHONEOS_DEPLOYMENT_TARGET = 12.0;
				MTL_ENABLE_DEBUG_INFO = NO;
				MTL_FAST_MATH = YES;
				SDKROOT = iphoneos;
				VALIDATE_PRODUCT = YES;
			};
			name = Release;
		};
		5A68284C22A8AB0F00CC3D6F /* Debug */ = {
			isa = XCBuildConfiguration;
			baseConfigurationReference = 9E267295BF769BFA7BCF79CF /* Pods-唯独影院.debug.xcconfig */;
			buildSettings = {
				ASSETCATALOG_COMPILER_APPICON_NAME = AppIcon;
				CODE_SIGN_STYLE = Automatic;
				INFOPLIST_FILE = "唯独影院/Info.plist";
				LD_RUNPATH_SEARCH_PATHS = (
					"$(inherited)",
					"@executable_path/Frameworks",
				);
				PRODUCT_BUNDLE_IDENTIFIER = "com.----";
				PRODUCT_NAME = "$(TARGET_NAME)";
				TARGETED_DEVICE_FAMILY = "1,2";
			};
			name = Debug;
		};
		5A68284D22A8AB0F00CC3D6F /* Release */ = {
			isa = XCBuildConfiguration;
			baseConfigurationReference = F5747749059D9D3B9E8B3C32 /* Pods-唯独影院.release.xcconfig */;
			buildSettings = {
				ASSETCATALOG_COMPILER_APPICON_NAME = AppIcon;
				CODE_SIGN_STYLE = Automatic;
				INFOPLIST_FILE = "唯独影院/Info.plist";
				LD_RUNPATH_SEARCH_PATHS = (
					"$(inherited)",
					"@executable_path/Frameworks",
				);
				PRODUCT_BUNDLE_IDENTIFIER = "com.----";
				PRODUCT_NAME = "$(TARGET_NAME)";
				TARGETED_DEVICE_FAMILY = "1,2";
			};
			name = Release;
		};
/* End XCBuildConfiguration section */

/* Begin XCConfigurationList section */
		5A68283022A8AB0D00CC3D6F /* Build configuration list for PBXProject "唯独影院" */ = {
			isa = XCConfigurationList;
			buildConfigurations = (
				5A68284922A8AB0F00CC3D6F /* Debug */,
				5A68284A22A8AB0F00CC3D6F /* Release */,
			);
			defaultConfigurationIsVisible = 0;
			defaultConfigurationName = Release;
		};
		5A68284B22A8AB0F00CC3D6F /* Build configuration list for PBXNativeTarget "唯独影院" */ = {
			isa = XCConfigurationList;
			buildConfigurations = (
				5A68284C22A8AB0F00CC3D6F /* Debug */,
				5A68284D22A8AB0F00CC3D6F /* Release */,
			);
			defaultConfigurationIsVisible = 0;
			defaultConfigurationName = Release;
		};
/* End XCConfigurationList section */
	};
	rootObject = 5A68282D22A8AB0D00CC3D6F /* Project object */;
}
