// !$*UTF8*$!
{
	archiveVersion = 1;
	classes = {
	};
	objectVersion = 50;
	objects = {

/* Begin PBXBuildFile section */
		5A167B4422AE2F7F00FC062D /* MyViewController.m in Sources */ = {isa = PBXBuildFile; fileRef = 5A167B4322AE2F7F00FC062D /* MyViewController.m */; };
		5A3941A522AF80290049BD5E /* LQScrollView.m in Sources */ = {isa = PBXBuildFile; fileRef = 5A3941A422AF80290049BD5E /* LQScrollView.m */; };
		5A68283A22A8AB0D00CC3D6F /* AppDelegate.m in Sources */ = {isa = PBXBuildFile; fileRef = 5A68283922A8AB0D00CC3D6F /* AppDelegate.m */; };
		5A68283D22A8AB0D00CC3D6F /* ViewController.m in Sources */ = {isa = PBXBuildFile; fileRef = 5A68283C22A8AB0D00CC3D6F /* ViewController.m */; };
		5A68284022A8AB0D00CC3D6F /* Main.storyboard in Resources */ = {isa = PBXBuildFile; fileRef = 5A68283E22A8AB0D00CC3D6F /* Main.storyboard */; };
		5A68284222A8AB0F00CC3D6F /* Assets.xcassets in Resources */ = {isa = PBXBuildFile; fileRef = 5A68284122A8AB0F00CC3D6F /* Assets.xcassets */; };
		5A68284522A8AB0F00CC3D6F /* LaunchScreen.storyboard in Resources */ = {isa = PBXBuildFile; fileRef = 5A68284322A8AB0F00CC3D6F /* LaunchScreen.storyboard */; };
		5A68284822A8AB0F00CC3D6F /* main.m in Sources */ = {isa = PBXBuildFile; fileRef = 5A68284722A8AB0F00CC3D6F /* main.m */; };
		5A68285C22AC9AB500CC3D6F /* MovieViewController.m in Sources */ = {isa = PBXBuildFile; fileRef = 5A68285B22AC9AB500CC3D6F /* MovieViewController.m */; };
		5A68286222ACDE4200CC3D6F /* MovieModel.m in Sources */ = {isa = PBXBuildFile; fileRef = 5A68286122ACDE4200CC3D6F /* MovieModel.m */; };
		5AAEEE0F22B71B260051FE03 /* HotMovieViewController.m in Sources */ = {isa = PBXBuildFile; fileRef = 5AAEEE0E22B71B260051FE03 /* HotMovieViewController.m */; };
		5AAEEE2122B73A130051FE03 /* MLMSegmentManager.m in Sources */ = {isa = PBXBuildFile; fileRef = 5AAEEE1622B73A130051FE03 /* MLMSegmentManager.m */; };
		5AAEEE2222B73A130051FE03 /* MLMSegmentHead.m in Sources */ = {isa = PBXBuildFile; fileRef = 5AAEEE1722B73A130051FE03 /* MLMSegmentHead.m */; };
		5AAEEE2322B73A130051FE03 /* UIView+ViewController.m in Sources */ = {isa = PBXBuildFile; fileRef = 5AAEEE1822B73A130051FE03 /* UIView+ViewController.m */; };
		5AAEEE2422B73A130051FE03 /* MLMSegmentScroll.m in Sources */ = {isa = PBXBuildFile; fileRef = 5AAEEE1922B73A130051FE03 /* MLMSegmentScroll.m */; };
		5AAEEE2522B73A130051FE03 /* UIView+EasyFrame.m in Sources */ = {isa = PBXBuildFile; fileRef = 5AAEEE1A22B73A130051FE03 /* UIView+EasyFrame.m */; };
		5AAEEE2822B73A560051FE03 /* OneViewController.m in Sources */ = {isa = PBXBuildFile; fileRef = 5AAEEE2722B73A560051FE03 /* OneViewController.m */; };
		5AAEEE2B22B73A640051FE03 /* TwoViewController.m in Sources */ = {isa = PBXBuildFile; fileRef = 5AAEEE2A22B73A640051FE03 /* TwoViewController.m */; };
		5AAEEE2E22B73A770051FE03 /* ThreeViewController.m in Sources */ = {isa = PBXBuildFile; fileRef = 5AAEEE2D22B73A770051FE03 /* ThreeViewController.m */; };
		5AAEEE3622B7664E0051FE03 /* voucher_bg_pic@2x.png in Resources */ = {isa = PBXBuildFile; fileRef = 5AAEEE3522B7664E0051FE03 /* voucher_bg_pic@2x.png */; };
		5AFD126E22B3508E0056354B /* ReleaseModel.m in Sources */ = {isa = PBXBuildFile; fileRef = 5AFD126D22B3508E0056354B /* ReleaseModel.m */; };
		5AFD127122B350AD0056354B /* ComingModel.m in Sources */ = {isa = PBXBuildFile; fileRef = 5AFD127022B350AD0056354B /* ComingModel.m */; };
		63F307B79803FFD051E261E3 /* libPods-唯独影院.a in Frameworks */ = {isa = PBXBuildFile; fileRef = 3652ED37F845449FBD78621A /* libPods-唯独影院.a */; };
		DDD464FD22B47E4D00FFA743 /* RecommendMD.m in Sources */ = {isa = PBXBuildFile; fileRef = DDD464F022B47E4D00FFA743 /* RecommendMD.m */; };
		DDD464FE22B47E4D00FFA743 /* RecommendVC.m in Sources */ = {isa = PBXBuildFile; fileRef = DDD464F222B47E4D00FFA743 /* RecommendVC.m */; };
		DDD464FF22B47E4D00FFA743 /* NearbyVC.m in Sources */ = {isa = PBXBuildFile; fileRef = DDD464F522B47E4D00FFA743 /* NearbyVC.m */; };
		DDD4650022B47E4D00FFA743 /* RecommendCell.m in Sources */ = {isa = PBXBuildFile; fileRef = DDD464F822B47E4D00FFA743 /* RecommendCell.m */; };
		DDD4650122B47E4D00FFA743 /* CinemaViewController.m in Sources */ = {isa = PBXBuildFile; fileRef = DDD464FA22B47E4D00FFA743 /* CinemaViewController.m */; };
		DDD4651522B4812500FFA743 /* MCPageView.m in Sources */ = {isa = PBXBuildFile; fileRef = DDD4650822B4812500FFA743 /* MCPageView.m */; };
		DDD4651622B4812500FFA743 /* UIView+QQFrame.m in Sources */ = {isa = PBXBuildFile; fileRef = DDD4650922B4812500FFA743 /* UIView+QQFrame.m */; };
		DDD4651722B4812500FFA743 /* GYZChooseCityController.m in Sources */ = {isa = PBXBuildFile; fileRef = DDD4650B22B4812500FFA743 /* GYZChooseCityController.m */; };
		DDD4651822B4812500FFA743 /* GYZCityGroupCell.m in Sources */ = {isa = PBXBuildFile; fileRef = DDD4650C22B4812500FFA743 /* GYZCityGroupCell.m */; };
		DDD4651922B4812500FFA743 /* CityData.plist in Resources */ = {isa = PBXBuildFile; fileRef = DDD4650D22B4812500FFA743 /* CityData.plist */; };
		DDD4651A22B4812500FFA743 /* GYZCityHeaderView.m in Sources */ = {isa = PBXBuildFile; fileRef = DDD4650E22B4812500FFA743 /* GYZCityHeaderView.m */; };
		DDD4651B22B4812500FFA743 /* GYZCity.m in Sources */ = {isa = PBXBuildFile; fileRef = DDD4650F22B4812500FFA743 /* GYZCity.m */; };
/* End PBXBuildFile section */

/* Begin PBXFileReference section */
		3652ED37F845449FBD78621A /* libPods-唯独影院.a */ = {isa = PBXFileReference; explicitFileType = archive.ar; includeInIndex = 0; path = "libPods-唯独影院.a"; sourceTree = BUILT_PRODUCTS_DIR; };
		5A167B4222AE2F7F00FC062D /* MyViewController.h */ = {isa = PBXFileReference; lastKnownFileType = sourcecode.c.h; path = MyViewController.h; sourceTree = "<group>"; };
		5A167B4322AE2F7F00FC062D /* MyViewController.m */ = {isa = PBXFileReference; lastKnownFileType = sourcecode.c.objc; path = MyViewController.m; sourceTree = "<group>"; };
		5A3941A322AF80290049BD5E /* LQScrollView.h */ = {isa = PBXFileReference; fileEncoding = 4; lastKnownFileType = sourcecode.c.h; path = LQScrollView.h; sourceTree = "<group>"; };
		5A3941A422AF80290049BD5E /* LQScrollView.m */ = {isa = PBXFileReference; fileEncoding = 4; lastKnownFileType = sourcecode.c.objc; path = LQScrollView.m; sourceTree = "<group>"; };
		5A68283522A8AB0D00CC3D6F /* 唯独影院.app */ = {isa = PBXFileReference; explicitFileType = wrapper.application; includeInIndex = 0; path = "唯独影院.app"; sourceTree = BUILT_PRODUCTS_DIR; };
		5A68283822A8AB0D00CC3D6F /* AppDelegate.h */ = {isa = PBXFileReference; lastKnownFileType = sourcecode.c.h; path = AppDelegate.h; sourceTree = "<group>"; };
		5A68283922A8AB0D00CC3D6F /* AppDelegate.m */ = {isa = PBXFileReference; lastKnownFileType = sourcecode.c.objc; path = AppDelegate.m; sourceTree = "<group>"; };
		5A68283B22A8AB0D00CC3D6F /* ViewController.h */ = {isa = PBXFileReference; lastKnownFileType = sourcecode.c.h; path = ViewController.h; sourceTree = "<group>"; };
		5A68283C22A8AB0D00CC3D6F /* ViewController.m */ = {isa = PBXFileReference; lastKnownFileType = sourcecode.c.objc; path = ViewController.m; sourceTree = "<group>"; };
		5A68283F22A8AB0D00CC3D6F /* Base */ = {isa = PBXFileReference; lastKnownFileType = file.storyboard; name = Base; path = Base.lproj/Main.storyboard; sourceTree = "<group>"; };
		5A68284122A8AB0F00CC3D6F /* Assets.xcassets */ = {isa = PBXFileReference; lastKnownFileType = folder.assetcatalog; path = Assets.xcassets; sourceTree = "<group>"; };
		5A68284422A8AB0F00CC3D6F /* Base */ = {isa = PBXFileReference; lastKnownFileType = file.storyboard; name = Base; path = Base.lproj/LaunchScreen.storyboard; sourceTree = "<group>"; };
		5A68284622A8AB0F00CC3D6F /* Info.plist */ = {isa = PBXFileReference; lastKnownFileType = text.plist.xml; path = Info.plist; sourceTree = "<group>"; };
		5A68284722A8AB0F00CC3D6F /* main.m */ = {isa = PBXFileReference; lastKnownFileType = sourcecode.c.objc; path = main.m; sourceTree = "<group>"; };
		5A68285A22AC9AB500CC3D6F /* MovieViewController.h */ = {isa = PBXFileReference; lastKnownFileType = sourcecode.c.h; path = MovieViewController.h; sourceTree = "<group>"; };
		5A68285B22AC9AB500CC3D6F /* MovieViewController.m */ = {isa = PBXFileReference; lastKnownFileType = sourcecode.c.objc; path = MovieViewController.m; sourceTree = "<group>"; };
		5A68286022ACDE4200CC3D6F /* MovieModel.h */ = {isa = PBXFileReference; lastKnownFileType = sourcecode.c.h; path = MovieModel.h; sourceTree = "<group>"; };
		5A68286122ACDE4200CC3D6F /* MovieModel.m */ = {isa = PBXFileReference; lastKnownFileType = sourcecode.c.objc; path = MovieModel.m; sourceTree = "<group>"; };
		5AAEEE0D22B71B260051FE03 /* HotMovieViewController.h */ = {isa = PBXFileReference; lastKnownFileType = sourcecode.c.h; path = HotMovieViewController.h; sourceTree = "<group>"; };
		5AAEEE0E22B71B260051FE03 /* HotMovieViewController.m */ = {isa = PBXFileReference; lastKnownFileType = sourcecode.c.objc; path = HotMovieViewController.m; sourceTree = "<group>"; };
		5AAEEE1622B73A130051FE03 /* MLMSegmentManager.m */ = {isa = PBXFileReference; fileEncoding = 4; lastKnownFileType = sourcecode.c.objc; path = MLMSegmentManager.m; sourceTree = "<group>"; };
		5AAEEE1722B73A130051FE03 /* MLMSegmentHead.m */ = {isa = PBXFileReference; fileEncoding = 4; lastKnownFileType = sourcecode.c.objc; path = MLMSegmentHead.m; sourceTree = "<group>"; };
		5AAEEE1822B73A130051FE03 /* UIView+ViewController.m */ = {isa = PBXFileReference; fileEncoding = 4; lastKnownFileType = sourcecode.c.objc; path = "UIView+ViewController.m"; sourceTree = "<group>"; };
		5AAEEE1922B73A130051FE03 /* MLMSegmentScroll.m */ = {isa = PBXFileReference; fileEncoding = 4; lastKnownFileType = sourcecode.c.objc; path = MLMSegmentScroll.m; sourceTree = "<group>"; };
		5AAEEE1A22B73A130051FE03 /* UIView+EasyFrame.m */ = {isa = PBXFileReference; fileEncoding = 4; lastKnownFileType = sourcecode.c.objc; path = "UIView+EasyFrame.m"; sourceTree = "<group>"; };
		5AAEEE1B22B73A130051FE03 /* SegmentPageHead.h */ = {isa = PBXFileReference; fileEncoding = 4; lastKnownFileType = sourcecode.c.h; path = SegmentPageHead.h; sourceTree = "<group>"; };
		5AAEEE1C22B73A130051FE03 /* MLMSegmentHead.h */ = {isa = PBXFileReference; fileEncoding = 4; lastKnownFileType = sourcecode.c.h; path = MLMSegmentHead.h; sourceTree = "<group>"; };
		5AAEEE1D22B73A130051FE03 /* UIView+ViewController.h */ = {isa = PBXFileReference; fileEncoding = 4; lastKnownFileType = sourcecode.c.h; path = "UIView+ViewController.h"; sourceTree = "<group>"; };
		5AAEEE1E22B73A130051FE03 /* MLMSegmentManager.h */ = {isa = PBXFileReference; fileEncoding = 4; lastKnownFileType = sourcecode.c.h; path = MLMSegmentManager.h; sourceTree = "<group>"; };
		5AAEEE1F22B73A130051FE03 /* UIView+EasyFrame.h */ = {isa = PBXFileReference; fileEncoding = 4; lastKnownFileType = sourcecode.c.h; path = "UIView+EasyFrame.h"; sourceTree = "<group>"; };
		5AAEEE2022B73A130051FE03 /* MLMSegmentScroll.h */ = {isa = PBXFileReference; fileEncoding = 4; lastKnownFileType = sourcecode.c.h; path = MLMSegmentScroll.h; sourceTree = "<group>"; };
		5AAEEE2622B73A560051FE03 /* OneViewController.h */ = {isa = PBXFileReference; lastKnownFileType = sourcecode.c.h; path = OneViewController.h; sourceTree = "<group>"; };
		5AAEEE2722B73A560051FE03 /* OneViewController.m */ = {isa = PBXFileReference; lastKnownFileType = sourcecode.c.objc; path = OneViewController.m; sourceTree = "<group>"; };
		5AAEEE2922B73A640051FE03 /* TwoViewController.h */ = {isa = PBXFileReference; lastKnownFileType = sourcecode.c.h; path = TwoViewController.h; sourceTree = "<group>"; };
		5AAEEE2A22B73A640051FE03 /* TwoViewController.m */ = {isa = PBXFileReference; lastKnownFileType = sourcecode.c.objc; path = TwoViewController.m; sourceTree = "<group>"; };
		5AAEEE2C22B73A770051FE03 /* ThreeViewController.h */ = {isa = PBXFileReference; lastKnownFileType = sourcecode.c.h; path = ThreeViewController.h; sourceTree = "<group>"; };
		5AAEEE2D22B73A770051FE03 /* ThreeViewController.m */ = {isa = PBXFileReference; lastKnownFileType = sourcecode.c.objc; path = ThreeViewController.m; sourceTree = "<group>"; };
		5AAEEE3522B7664E0051FE03 /* voucher_bg_pic@2x.png */ = {isa = PBXFileReference; lastKnownFileType = image.png; path = "voucher_bg_pic@2x.png"; sourceTree = "<group>"; };
		5AFD126C22B3508E0056354B /* ReleaseModel.h */ = {isa = PBXFileReference; lastKnownFileType = sourcecode.c.h; path = ReleaseModel.h; sourceTree = "<group>"; };
		5AFD126D22B3508E0056354B /* ReleaseModel.m */ = {isa = PBXFileReference; lastKnownFileType = sourcecode.c.objc; path = ReleaseModel.m; sourceTree = "<group>"; };
		5AFD126F22B350AD0056354B /* ComingModel.h */ = {isa = PBXFileReference; lastKnownFileType = sourcecode.c.h; path = ComingModel.h; sourceTree = "<group>"; };
		5AFD127022B350AD0056354B /* ComingModel.m */ = {isa = PBXFileReference; lastKnownFileType = sourcecode.c.objc; path = ComingModel.m; sourceTree = "<group>"; };
		9E267295BF769BFA7BCF79CF /* Pods-唯独影院.debug.xcconfig */ = {isa = PBXFileReference; includeInIndex = 1; lastKnownFileType = text.xcconfig; name = "Pods-唯独影院.debug.xcconfig"; path = "Pods/Target Support Files/Pods-唯独影院/Pods-唯独影院.debug.xcconfig"; sourceTree = "<group>"; };
		DDD464EF22B47E4D00FFA743 /* RecommendMD.h */ = {isa = PBXFileReference; fileEncoding = 4; lastKnownFileType = sourcecode.c.h; path = RecommendMD.h; sourceTree = "<group>"; };
		DDD464F022B47E4D00FFA743 /* RecommendMD.m */ = {isa = PBXFileReference; fileEncoding = 4; lastKnownFileType = sourcecode.c.objc; path = RecommendMD.m; sourceTree = "<group>"; };
		DDD464F222B47E4D00FFA743 /* RecommendVC.m */ = {isa = PBXFileReference; fileEncoding = 4; lastKnownFileType = sourcecode.c.objc; path = RecommendVC.m; sourceTree = "<group>"; };
		DDD464F322B47E4D00FFA743 /* NearbyVC.h */ = {isa = PBXFileReference; fileEncoding = 4; lastKnownFileType = sourcecode.c.h; path = NearbyVC.h; sourceTree = "<group>"; };
		DDD464F422B47E4D00FFA743 /* RecommendVC.h */ = {isa = PBXFileReference; fileEncoding = 4; lastKnownFileType = sourcecode.c.h; path = RecommendVC.h; sourceTree = "<group>"; };
		DDD464F522B47E4D00FFA743 /* NearbyVC.m */ = {isa = PBXFileReference; fileEncoding = 4; lastKnownFileType = sourcecode.c.objc; path = NearbyVC.m; sourceTree = "<group>"; };
		DDD464F722B47E4D00FFA743 /* RecommendCell.h */ = {isa = PBXFileReference; fileEncoding = 4; lastKnownFileType = sourcecode.c.h; path = RecommendCell.h; sourceTree = "<group>"; };
		DDD464F822B47E4D00FFA743 /* RecommendCell.m */ = {isa = PBXFileReference; fileEncoding = 4; lastKnownFileType = sourcecode.c.objc; path = RecommendCell.m; sourceTree = "<group>"; };
		DDD464FA22B47E4D00FFA743 /* CinemaViewController.m */ = {isa = PBXFileReference; fileEncoding = 4; lastKnownFileType = sourcecode.c.objc; path = CinemaViewController.m; sourceTree = "<group>"; };
		DDD464FB22B47E4D00FFA743 /* CinemaViewController.h */ = {isa = PBXFileReference; fileEncoding = 4; lastKnownFileType = sourcecode.c.h; path = CinemaViewController.h; sourceTree = "<group>"; };
		DDD4650322B4812500FFA743 /* screenLayOut.h */ = {isa = PBXFileReference; fileEncoding = 4; lastKnownFileType = sourcecode.c.h; path = screenLayOut.h; sourceTree = "<group>"; };
		DDD4650622B4812500FFA743 /* UIView+QQFrame.h */ = {isa = PBXFileReference; fileEncoding = 4; lastKnownFileType = sourcecode.c.h; path = "UIView+QQFrame.h"; sourceTree = "<group>"; };
		DDD4650722B4812500FFA743 /* MCPageView.h */ = {isa = PBXFileReference; fileEncoding = 4; lastKnownFileType = sourcecode.c.h; path = MCPageView.h; sourceTree = "<group>"; };
		DDD4650822B4812500FFA743 /* MCPageView.m */ = {isa = PBXFileReference; fileEncoding = 4; lastKnownFileType = sourcecode.c.objc; path = MCPageView.m; sourceTree = "<group>"; };
		DDD4650922B4812500FFA743 /* UIView+QQFrame.m */ = {isa = PBXFileReference; fileEncoding = 4; lastKnownFileType = sourcecode.c.objc; path = "UIView+QQFrame.m"; sourceTree = "<group>"; };
		DDD4650B22B4812500FFA743 /* GYZChooseCityController.m */ = {isa = PBXFileReference; fileEncoding = 4; lastKnownFileType = sourcecode.c.objc; path = GYZChooseCityController.m; sourceTree = "<group>"; };
		DDD4650C22B4812500FFA743 /* GYZCityGroupCell.m */ = {isa = PBXFileReference; fileEncoding = 4; lastKnownFileType = sourcecode.c.objc; path = GYZCityGroupCell.m; sourceTree = "<group>"; };
		DDD4650D22B4812500FFA743 /* CityData.plist */ = {isa = PBXFileReference; fileEncoding = 4; lastKnownFileType = text.plist.xml; path = CityData.plist; sourceTree = "<group>"; };
		DDD4650E22B4812500FFA743 /* GYZCityHeaderView.m */ = {isa = PBXFileReference; fileEncoding = 4; lastKnownFileType = sourcecode.c.objc; path = GYZCityHeaderView.m; sourceTree = "<group>"; };
		DDD4650F22B4812500FFA743 /* GYZCity.m */ = {isa = PBXFileReference; fileEncoding = 4; lastKnownFileType = sourcecode.c.objc; path = GYZCity.m; sourceTree = "<group>"; };
		DDD4651022B4812500FFA743 /* GYZCityGroupCell.h */ = {isa = PBXFileReference; fileEncoding = 4; lastKnownFileType = sourcecode.c.h; path = GYZCityGroupCell.h; sourceTree = "<group>"; };
		DDD4651122B4812500FFA743 /* GYZChooseCityDelegate.h */ = {isa = PBXFileReference; fileEncoding = 4; lastKnownFileType = sourcecode.c.h; path = GYZChooseCityDelegate.h; sourceTree = "<group>"; };
		DDD4651222B4812500FFA743 /* GYZChooseCityController.h */ = {isa = PBXFileReference; fileEncoding = 4; lastKnownFileType = sourcecode.c.h; path = GYZChooseCityController.h; sourceTree = "<group>"; };
		DDD4651322B4812500FFA743 /* GYZCityHeaderView.h */ = {isa = PBXFileReference; fileEncoding = 4; lastKnownFileType = sourcecode.c.h; path = GYZCityHeaderView.h; sourceTree = "<group>"; };
		DDD4651422B4812500FFA743 /* GYZCity.h */ = {isa = PBXFileReference; fileEncoding = 4; lastKnownFileType = sourcecode.c.h; path = GYZCity.h; sourceTree = "<group>"; };
		F5747749059D9D3B9E8B3C32 /* Pods-唯独影院.release.xcconfig */ = {isa = PBXFileReference; includeInIndex = 1; lastKnownFileType = text.xcconfig; name = "Pods-唯独影院.release.xcconfig"; path = "Pods/Target Support Files/Pods-唯独影院/Pods-唯独影院.release.xcconfig"; sourceTree = "<group>"; };
/* End PBXFileReference section */

/* Begin PBXFrameworksBuildPhase section */
		5A68283222A8AB0D00CC3D6F /* Frameworks */ = {
			isa = PBXFrameworksBuildPhase;
			buildActionMask = 2147483647;
			files = (
				63F307B79803FFD051E261E3 /* libPods-唯独影院.a in Frameworks */,
			);
			runOnlyForDeploymentPostprocessing = 0;
		};
/* End PBXFrameworksBuildPhase section */

/* Begin PBXGroup section */
		31EF0CBA8311BACCD193C1E7 /* Pods */ = {
			isa = PBXGroup;
			children = (
				9E267295BF769BFA7BCF79CF /* Pods-唯独影院.debug.xcconfig */,
				F5747749059D9D3B9E8B3C32 /* Pods-唯独影院.release.xcconfig */,
			);
			name = Pods;
			sourceTree = "<group>";
		};
		5A68282C22A8AB0D00CC3D6F = {
			isa = PBXGroup;
			children = (
				5A68283722A8AB0D00CC3D6F /* 唯独影院 */,
				5A68283622A8AB0D00CC3D6F /* Products */,
				31EF0CBA8311BACCD193C1E7 /* Pods */,
				BD387F79A5DA971A6F8C70E7 /* Frameworks */,
			);
			sourceTree = "<group>";
		};
		5A68283622A8AB0D00CC3D6F /* Products */ = {
			isa = PBXGroup;
			children = (
				5A68283522A8AB0D00CC3D6F /* 唯独影院.app */,
			);
			name = Products;
			sourceTree = "<group>";
		};
		5A68283722A8AB0D00CC3D6F /* 唯独影院 */ = {
			isa = PBXGroup;
			children = (
				5A68285022A8AB2400CC3D6F /* 电影 */,
				5A68284F22A8AB2300CC3D6F /* 影院 */,
				5A68284E22A8AB2100CC3D6F /* 我的 */,
				5AAEEE1422B739E60051FE03 /* Other */,
				5A68283822A8AB0D00CC3D6F /* AppDelegate.h */,
				5A68283922A8AB0D00CC3D6F /* AppDelegate.m */,
				5A68283B22A8AB0D00CC3D6F /* ViewController.h */,
				5A68283C22A8AB0D00CC3D6F /* ViewController.m */,
				5A68283E22A8AB0D00CC3D6F /* Main.storyboard */,
				5A68284122A8AB0F00CC3D6F /* Assets.xcassets */,
				5A68284322A8AB0F00CC3D6F /* LaunchScreen.storyboard */,
				5A68284622A8AB0F00CC3D6F /* Info.plist */,
				5A68284722A8AB0F00CC3D6F /* main.m */,
			);
			path = "唯独影院";
			sourceTree = "<group>";
		};
		5A68284E22A8AB2100CC3D6F /* 我的 */ = {
			isa = PBXGroup;
			children = (
				5A68285922AC913000CC3D6F /* Model */,
				5A68285822AC912F00CC3D6F /* View */,
				5A68285722AC912E00CC3D6F /* Controller */,
			);
			path = "我的";
			sourceTree = "<group>";
		};
		5A68284F22A8AB2300CC3D6F /* 影院 */ = {
			isa = PBXGroup;
			children = (
				DDD464FC22B47E4D00FFA743 /* 附近影院 */,
				DDD464ED22B47E4D00FFA743 /* 推荐影院 */,
				DDD464F922B47E4D00FFA743 /* 主界面 */,
			);
			path = "影院";
			sourceTree = "<group>";
		};
		5A68285022A8AB2400CC3D6F /* 电影 */ = {
			isa = PBXGroup;
			children = (
				5A68285322A8AB3E00CC3D6F /* Model */,
				5A68285222A8AB3D00CC3D6F /* View */,
				5A68285122A8AB3A00CC3D6F /* Controller */,
			);
			path = "电影";
			sourceTree = "<group>";
		};
		5A68285122A8AB3A00CC3D6F /* Controller */ = {
			isa = PBXGroup;
			children = (
				5A68285A22AC9AB500CC3D6F /* MovieViewController.h */,
				5A68285B22AC9AB500CC3D6F /* MovieViewController.m */,
				5AAEEE0D22B71B260051FE03 /* HotMovieViewController.h */,
				5AAEEE0E22B71B260051FE03 /* HotMovieViewController.m */,
				5AAEEE2622B73A560051FE03 /* OneViewController.h */,
				5AAEEE2722B73A560051FE03 /* OneViewController.m */,
				5AAEEE2922B73A640051FE03 /* TwoViewController.h */,
				5AAEEE2A22B73A640051FE03 /* TwoViewController.m */,
				5AAEEE2C22B73A770051FE03 /* ThreeViewController.h */,
				5AAEEE2D22B73A770051FE03 /* ThreeViewController.m */,
			);
			path = Controller;
			sourceTree = "<group>";
		};
		5A68285222A8AB3D00CC3D6F /* View */ = {
			isa = PBXGroup;
			children = (
				5A3941A322AF80290049BD5E /* LQScrollView.h */,
				5A3941A422AF80290049BD5E /* LQScrollView.m */,
			);
			path = View;
			sourceTree = "<group>";
		};
		5A68285322A8AB3E00CC3D6F /* Model */ = {
			isa = PBXGroup;
			children = (
				5A68286022ACDE4200CC3D6F /* MovieModel.h */,
				5A68286122ACDE4200CC3D6F /* MovieModel.m */,
				5AFD126C22B3508E0056354B /* ReleaseModel.h */,
				5AFD126D22B3508E0056354B /* ReleaseModel.m */,
				5AFD126F22B350AD0056354B /* ComingModel.h */,
				5AFD127022B350AD0056354B /* ComingModel.m */,
			);
			path = Model;
			sourceTree = "<group>";
		};
		5A68285722AC912E00CC3D6F /* Controller */ = {
			isa = PBXGroup;
			children = (
				5A167B4222AE2F7F00FC062D /* MyViewController.h */,
				5A167B4322AE2F7F00FC062D /* MyViewController.m */,
			);
			path = Controller;
			sourceTree = "<group>";
		};
		5A68285822AC912F00CC3D6F /* View */ = {
			isa = PBXGroup;
			children = (
			);
			path = View;
			sourceTree = "<group>";
		};
		5A68285922AC913000CC3D6F /* Model */ = {
			isa = PBXGroup;
			children = (
			);
			path = Model;
			sourceTree = "<group>";
		};
		5AAEEE1422B739E60051FE03 /* Other */ = {
			isa = PBXGroup;
			children = (
				5AAEEE3522B7664E0051FE03 /* voucher_bg_pic@2x.png */,
				5AAEEE1522B73A130051FE03 /* MLMSegmentPageView */,
			);
			path = Other;
			sourceTree = "<group>";
		};
		5AAEEE1522B73A130051FE03 /* MLMSegmentPageView */ = {
			isa = PBXGroup;
			children = (
				5AAEEE1622B73A130051FE03 /* MLMSegmentManager.m */,
				5AAEEE1722B73A130051FE03 /* MLMSegmentHead.m */,
				5AAEEE1822B73A130051FE03 /* UIView+ViewController.m */,
				5AAEEE1922B73A130051FE03 /* MLMSegmentScroll.m */,
				5AAEEE1A22B73A130051FE03 /* UIView+EasyFrame.m */,
				5AAEEE1B22B73A130051FE03 /* SegmentPageHead.h */,
				5AAEEE1C22B73A130051FE03 /* MLMSegmentHead.h */,
				5AAEEE1D22B73A130051FE03 /* UIView+ViewController.h */,
				5AAEEE1E22B73A130051FE03 /* MLMSegmentManager.h */,
				5AAEEE1F22B73A130051FE03 /* UIView+EasyFrame.h */,
				5AAEEE2022B73A130051FE03 /* MLMSegmentScroll.h */,
			);
			path = MLMSegmentPageView;
			sourceTree = "<group>";
		};
		BD387F79A5DA971A6F8C70E7 /* Frameworks */ = {
			isa = PBXGroup;
			children = (
				3652ED37F845449FBD78621A /* libPods-唯独影院.a */,
			);
			name = Frameworks;
			sourceTree = "<group>";
		};
		DDD464ED22B47E4D00FFA743 /* 推荐影院 */ = {
			isa = PBXGroup;
			children = (
				DDD4650422B4812500FFA743 /* SDK */,
				DDD4650222B4812500FFA743 /* 适配文件 */,
				DDD464EE22B47E4D00FFA743 /* M */,
				DDD464F122B47E4D00FFA743 /* C */,
				DDD464F622B47E4D00FFA743 /* V */,
			);
			path = "推荐影院";
			sourceTree = "<group>";
		};
		DDD464EE22B47E4D00FFA743 /* M */ = {
			isa = PBXGroup;
			children = (
				DDD464EF22B47E4D00FFA743 /* RecommendMD.h */,
				DDD464F022B47E4D00FFA743 /* RecommendMD.m */,
			);
			path = M;
			sourceTree = "<group>";
		};
		DDD464F122B47E4D00FFA743 /* C */ = {
			isa = PBXGroup;
			children = (
				DDD464F222B47E4D00FFA743 /* RecommendVC.m */,
				DDD464F322B47E4D00FFA743 /* NearbyVC.h */,
				DDD464F422B47E4D00FFA743 /* RecommendVC.h */,
				DDD464F522B47E4D00FFA743 /* NearbyVC.m */,
			);
			path = C;
			sourceTree = "<group>";
		};
		DDD464F622B47E4D00FFA743 /* V */ = {
			isa = PBXGroup;
			children = (
				DDD464F722B47E4D00FFA743 /* RecommendCell.h */,
				DDD464F822B47E4D00FFA743 /* RecommendCell.m */,
			);
			path = V;
			sourceTree = "<group>";
		};
		DDD464F922B47E4D00FFA743 /* 主界面 */ = {
			isa = PBXGroup;
			children = (
				DDD464FA22B47E4D00FFA743 /* CinemaViewController.m */,
				DDD464FB22B47E4D00FFA743 /* CinemaViewController.h */,
			);
			path = "主界面";
			sourceTree = "<group>";
		};
		DDD464FC22B47E4D00FFA743 /* 附近影院 */ = {
			isa = PBXGroup;
			children = (
			);
			path = "附近影院";
			sourceTree = "<group>";
		};
		DDD4650222B4812500FFA743 /* 适配文件 */ = {
			isa = PBXGroup;
			children = (
				DDD4650322B4812500FFA743 /* screenLayOut.h */,
			);
			name = "适配文件";
			path = "唯独影院/影院/推荐影院/适配文件";
			sourceTree = SOURCE_ROOT;
		};
		DDD4650422B4812500FFA743 /* SDK */ = {
			isa = PBXGroup;
			children = (
				DDD4650522B4812500FFA743 /* MCPageView */,
				DDD4650A22B4812500FFA743 /* GYZChooseCity */,
			);
			name = SDK;
			path = "唯独影院/影院/推荐影院/SDK";
			sourceTree = SOURCE_ROOT;
		};
		DDD4650522B4812500FFA743 /* MCPageView */ = {
			isa = PBXGroup;
			children = (
				DDD4650622B4812500FFA743 /* UIView+QQFrame.h */,
				DDD4650722B4812500FFA743 /* MCPageView.h */,
				DDD4650822B4812500FFA743 /* MCPageView.m */,
				DDD4650922B4812500FFA743 /* UIView+QQFrame.m */,
			);
			path = MCPageView;
			sourceTree = "<group>";
		};
		DDD4650A22B4812500FFA743 /* GYZChooseCity */ = {
			isa = PBXGroup;
			children = (
				DDD4650B22B4812500FFA743 /* GYZChooseCityController.m */,
				DDD4650C22B4812500FFA743 /* GYZCityGroupCell.m */,
				DDD4650D22B4812500FFA743 /* CityData.plist */,
				DDD4650E22B4812500FFA743 /* GYZCityHeaderView.m */,
				DDD4650F22B4812500FFA743 /* GYZCity.m */,
				DDD4651022B4812500FFA743 /* GYZCityGroupCell.h */,
				DDD4651122B4812500FFA743 /* GYZChooseCityDelegate.h */,
				DDD4651222B4812500FFA743 /* GYZChooseCityController.h */,
				DDD4651322B4812500FFA743 /* GYZCityHeaderView.h */,
				DDD4651422B4812500FFA743 /* GYZCity.h */,
			);
			path = GYZChooseCity;
			sourceTree = "<group>";
		};
/* End PBXGroup section */

/* Begin PBXNativeTarget section */
		5A68283422A8AB0D00CC3D6F /* 唯独影院 */ = {
			isa = PBXNativeTarget;
			buildConfigurationList = 5A68284B22A8AB0F00CC3D6F /* Build configuration list for PBXNativeTarget "唯独影院" */;
			buildPhases = (
				F35F0F316F47E82F692E77EE /* [CP] Check Pods Manifest.lock */,
				5A68283122A8AB0D00CC3D6F /* Sources */,
				5A68283222A8AB0D00CC3D6F /* Frameworks */,
				5A68283322A8AB0D00CC3D6F /* Resources */,
				29BD0741AF519EAECC9C1C9C /* [CP] Copy Pods Resources */,
			);
			buildRules = (
			);
			dependencies = (
			);
			name = "唯独影院";
			productName = "唯独影院";
			productReference = 5A68283522A8AB0D00CC3D6F /* 唯独影院.app */;
			productType = "com.apple.product-type.application";
		};
/* End PBXNativeTarget section */

/* Begin PBXProject section */
		5A68282D22A8AB0D00CC3D6F /* Project object */ = {
			isa = PBXProject;
			attributes = {
				LastUpgradeCheck = 1000;
				ORGANIZATIONNAME = "史建伟";
				TargetAttributes = {
					5A68283422A8AB0D00CC3D6F = {
						CreatedOnToolsVersion = 10.0;
					};
				};
			};
			buildConfigurationList = 5A68283022A8AB0D00CC3D6F /* Build configuration list for PBXProject "唯独影院" */;
			compatibilityVersion = "Xcode 9.3";
			developmentRegion = en;
			hasScannedForEncodings = 0;
			knownRegions = (
				en,
				Base,
			);
			mainGroup = 5A68282C22A8AB0D00CC3D6F;
			productRefGroup = 5A68283622A8AB0D00CC3D6F /* Products */;
			projectDirPath = "";
			projectRoot = "";
			targets = (
				5A68283422A8AB0D00CC3D6F /* 唯独影院 */,
			);
		};
/* End PBXProject section */

/* Begin PBXResourcesBuildPhase section */
		5A68283322A8AB0D00CC3D6F /* Resources */ = {
			isa = PBXResourcesBuildPhase;
			buildActionMask = 2147483647;
			files = (
				5A68284522A8AB0F00CC3D6F /* LaunchScreen.storyboard in Resources */,
				5A68284222A8AB0F00CC3D6F /* Assets.xcassets in Resources */,
				5A68284022A8AB0D00CC3D6F /* Main.storyboard in Resources */,
				5AAEEE3622B7664E0051FE03 /* voucher_bg_pic@2x.png in Resources */,
				DDD4651922B4812500FFA743 /* CityData.plist in Resources */,
			);
			runOnlyForDeploymentPostprocessing = 0;
		};
/* End PBXResourcesBuildPhase section */

/* Begin PBXShellScriptBuildPhase section */
		29BD0741AF519EAECC9C1C9C /* [CP] Copy Pods Resources */ = {
			isa = PBXShellScriptBuildPhase;
			buildActionMask = 2147483647;
			files = (
			);
			inputFileListPaths = (
			);
			inputPaths = (
				"${SRCROOT}/Pods/Target Support Files/Pods-唯独影院/Pods-唯独影院-resources.sh",
				"${PODS_ROOT}/MJRefresh/MJRefresh/MJRefresh.bundle",
				"${PODS_ROOT}/SVProgressHUD/SVProgressHUD/SVProgressHUD.bundle",
			);
			name = "[CP] Copy Pods Resources";
			outputFileListPaths = (
			);
			outputPaths = (
				"${TARGET_BUILD_DIR}/${UNLOCALIZED_RESOURCES_FOLDER_PATH}/MJRefresh.bundle",
				"${TARGET_BUILD_DIR}/${UNLOCALIZED_RESOURCES_FOLDER_PATH}/SVProgressHUD.bundle",
			);
			runOnlyForDeploymentPostprocessing = 0;
			shellPath = /bin/sh;
			shellScript = "\"${SRCROOT}/Pods/Target Support Files/Pods-唯独影院/Pods-唯独影院-resources.sh\"\n";
			showEnvVarsInLog = 0;
		};
		F35F0F316F47E82F692E77EE /* [CP] Check Pods Manifest.lock */ = {
			isa = PBXShellScriptBuildPhase;
			buildActionMask = 2147483647;
			files = (
			);
			inputFileListPaths = (
			);
			inputPaths = (
				"${PODS_PODFILE_DIR_PATH}/Podfile.lock",
				"${PODS_ROOT}/Manifest.lock",
			);
			name = "[CP] Check Pods Manifest.lock";
			outputFileListPaths = (
			);
			outputPaths = (
				"$(DERIVED_FILE_DIR)/Pods-唯独影院-checkManifestLockResult.txt",
			);
			runOnlyForDeploymentPostprocessing = 0;
			shellPath = /bin/sh;
			shellScript = "diff \"${PODS_PODFILE_DIR_PATH}/Podfile.lock\" \"${PODS_ROOT}/Manifest.lock\" > /dev/null\nif [ $? != 0 ] ; then\n    # print error to STDERR\n    echo \"error: The sandbox is not in sync with the Podfile.lock. Run 'pod install' or update your CocoaPods installation.\" >&2\n    exit 1\nfi\n# This output is used by Xcode 'outputs' to avoid re-running this script phase.\necho \"SUCCESS\" > \"${SCRIPT_OUTPUT_FILE_0}\"\n";
			showEnvVarsInLog = 0;
		};
/* End PBXShellScriptBuildPhase section */

/* Begin PBXSourcesBuildPhase section */
		5A68283122A8AB0D00CC3D6F /* Sources */ = {
			isa = PBXSourcesBuildPhase;
			buildActionMask = 2147483647;
			files = (
				5AAEEE2122B73A130051FE03 /* MLMSegmentManager.m in Sources */,
				5A68283D22A8AB0D00CC3D6F /* ViewController.m in Sources */,
				5A68284822A8AB0F00CC3D6F /* main.m in Sources */,
				5A167B4422AE2F7F00FC062D /* MyViewController.m in Sources */,
				5AAEEE0F22B71B260051FE03 /* HotMovieViewController.m in Sources */,
				DDD4651722B4812500FFA743 /* GYZChooseCityController.m in Sources */,
				DDD464FF22B47E4D00FFA743 /* NearbyVC.m in Sources */,
				5AAEEE2E22B73A770051FE03 /* ThreeViewController.m in Sources */,
				5AAEEE2B22B73A640051FE03 /* TwoViewController.m in Sources */,
				DDD464FD22B47E4D00FFA743 /* RecommendMD.m in Sources */,
				5AFD127122B350AD0056354B /* ComingModel.m in Sources */,
				DDD4651B22B4812500FFA743 /* GYZCity.m in Sources */,
				5A68283A22A8AB0D00CC3D6F /* AppDelegate.m in Sources */,
				5AAEEE2222B73A130051FE03 /* MLMSegmentHead.m in Sources */,
				5A68286222ACDE4200CC3D6F /* MovieModel.m in Sources */,
				DDD4651822B4812500FFA743 /* GYZCityGroupCell.m in Sources */,
				5AFD126E22B3508E0056354B /* ReleaseModel.m in Sources */,
				5AAEEE2422B73A130051FE03 /* MLMSegmentScroll.m in Sources */,
				DDD4650122B47E4D00FFA743 /* CinemaViewController.m in Sources */,
				DDD4651A22B4812500FFA743 /* GYZCityHeaderView.m in Sources */,
				5A3941A522AF80290049BD5E /* LQScrollView.m in Sources */,
				5A68285C22AC9AB500CC3D6F /* MovieViewController.m in Sources */,
				DDD4651622B4812500FFA743 /* UIView+QQFrame.m in Sources */,
				5AAEEE2822B73A560051FE03 /* OneViewController.m in Sources */,
				DDD4651522B4812500FFA743 /* MCPageView.m in Sources */,
				5AAEEE2322B73A130051FE03 /* UIView+ViewController.m in Sources */,
				DDD4650022B47E4D00FFA743 /* RecommendCell.m in Sources */,
				5AAEEE2522B73A130051FE03 /* UIView+EasyFrame.m in Sources */,
				DDD464FE22B47E4D00FFA743 /* RecommendVC.m in Sources */,
			);
			runOnlyForDeploymentPostprocessing = 0;
		};
/* End PBXSourcesBuildPhase section */

/* Begin PBXVariantGroup section */
		5A68283E22A8AB0D00CC3D6F /* Main.storyboard */ = {
			isa = PBXVariantGroup;
			children = (
				5A68283F22A8AB0D00CC3D6F /* Base */,
			);
			name = Main.storyboard;
			sourceTree = "<group>";
		};
		5A68284322A8AB0F00CC3D6F /* LaunchScreen.storyboard */ = {
			isa = PBXVariantGroup;
			children = (
				5A68284422A8AB0F00CC3D6F /* Base */,
			);
			name = LaunchScreen.storyboard;
			sourceTree = "<group>";
		};
/* End PBXVariantGroup section */

/* Begin XCBuildConfiguration section */
		5A68284922A8AB0F00CC3D6F /* Debug */ = {
			isa = XCBuildConfiguration;
			buildSettings = {
				ALWAYS_SEARCH_USER_PATHS = NO;
				CLANG_ANALYZER_NONNULL = YES;
				CLANG_ANALYZER_NUMBER_OBJECT_CONVERSION = YES_AGGRESSIVE;
				CLANG_CXX_LANGUAGE_STANDARD = "gnu++14";
				CLANG_CXX_LIBRARY = "libc++";
				CLANG_ENABLE_MODULES = YES;
				CLANG_ENABLE_OBJC_ARC = YES;
				CLANG_ENABLE_OBJC_WEAK = YES;
				CLANG_WARN_BLOCK_CAPTURE_AUTORELEASING = YES;
				CLANG_WARN_BOOL_CONVERSION = YES;
				CLANG_WARN_COMMA = YES;
				CLANG_WARN_CONSTANT_CONVERSION = YES;
				CLANG_WARN_DEPRECATED_OBJC_IMPLEMENTATIONS = YES;
				CLANG_WARN_DIRECT_OBJC_ISA_USAGE = YES_ERROR;
				CLANG_WARN_DOCUMENTATION_COMMENTS = YES;
				CLANG_WARN_EMPTY_BODY = YES;
				CLANG_WARN_ENUM_CONVERSION = YES;
				CLANG_WARN_INFINITE_RECURSION = YES;
				CLANG_WARN_INT_CONVERSION = YES;
				CLANG_WARN_NON_LITERAL_NULL_CONVERSION = YES;
				CLANG_WARN_OBJC_IMPLICIT_RETAIN_SELF = YES;
				CLANG_WARN_OBJC_LITERAL_CONVERSION = YES;
				CLANG_WARN_OBJC_ROOT_CLASS = YES_ERROR;
				CLANG_WARN_RANGE_LOOP_ANALYSIS = YES;
				CLANG_WARN_STRICT_PROTOTYPES = YES;
				CLANG_WARN_SUSPICIOUS_MOVE = YES;
				CLANG_WARN_UNGUARDED_AVAILABILITY = YES_AGGRESSIVE;
				CLANG_WARN_UNREACHABLE_CODE = YES;
				CLANG_WARN__DUPLICATE_METHOD_MATCH = YES;
				CODE_SIGN_IDENTITY = "iPhone Developer";
				COPY_PHASE_STRIP = NO;
				DEBUG_INFORMATION_FORMAT = dwarf;
				ENABLE_STRICT_OBJC_MSGSEND = YES;
				ENABLE_TESTABILITY = YES;
				GCC_C_LANGUAGE_STANDARD = gnu11;
				GCC_DYNAMIC_NO_PIC = NO;
				GCC_NO_COMMON_BLOCKS = YES;
				GCC_OPTIMIZATION_LEVEL = 0;
				GCC_PREPROCESSOR_DEFINITIONS = (
					"DEBUG=1",
					"$(inherited)",
				);
				GCC_WARN_64_TO_32_BIT_CONVERSION = YES;
				GCC_WARN_ABOUT_RETURN_TYPE = YES_ERROR;
				GCC_WARN_UNDECLARED_SELECTOR = YES;
				GCC_WARN_UNINITIALIZED_AUTOS = YES_AGGRESSIVE;
				GCC_WARN_UNUSED_FUNCTION = YES;
				GCC_WARN_UNUSED_VARIABLE = YES;
				IPHONEOS_DEPLOYMENT_TARGET = 12.0;
				MTL_ENABLE_DEBUG_INFO = INCLUDE_SOURCE;
				MTL_FAST_MATH = YES;
				ONLY_ACTIVE_ARCH = YES;
				SDKROOT = iphoneos;
			};
			name = Debug;
		};
		5A68284A22A8AB0F00CC3D6F /* Release */ = {
			isa = XCBuildConfiguration;
			buildSettings = {
				ALWAYS_SEARCH_USER_PATHS = NO;
				CLANG_ANALYZER_NONNULL = YES;
				CLANG_ANALYZER_NUMBER_OBJECT_CONVERSION = YES_AGGRESSIVE;
				CLANG_CXX_LANGUAGE_STANDARD = "gnu++14";
				CLANG_CXX_LIBRARY = "libc++";
				CLANG_ENABLE_MODULES = YES;
				CLANG_ENABLE_OBJC_ARC = YES;
				CLANG_ENABLE_OBJC_WEAK = YES;
				CLANG_WARN_BLOCK_CAPTURE_AUTORELEASING = YES;
				CLANG_WARN_BOOL_CONVERSION = YES;
				CLANG_WARN_COMMA = YES;
				CLANG_WARN_CONSTANT_CONVERSION = YES;
				CLANG_WARN_DEPRECATED_OBJC_IMPLEMENTATIONS = YES;
				CLANG_WARN_DIRECT_OBJC_ISA_USAGE = YES_ERROR;
				CLANG_WARN_DOCUMENTATION_COMMENTS = YES;
				CLANG_WARN_EMPTY_BODY = YES;
				CLANG_WARN_ENUM_CONVERSION = YES;
				CLANG_WARN_INFINITE_RECURSION = YES;
				CLANG_WARN_INT_CONVERSION = YES;
				CLANG_WARN_NON_LITERAL_NULL_CONVERSION = YES;
				CLANG_WARN_OBJC_IMPLICIT_RETAIN_SELF = YES;
				CLANG_WARN_OBJC_LITERAL_CONVERSION = YES;
				CLANG_WARN_OBJC_ROOT_CLASS = YES_ERROR;
				CLANG_WARN_RANGE_LOOP_ANALYSIS = YES;
				CLANG_WARN_STRICT_PROTOTYPES = YES;
				CLANG_WARN_SUSPICIOUS_MOVE = YES;
				CLANG_WARN_UNGUARDED_AVAILABILITY = YES_AGGRESSIVE;
				CLANG_WARN_UNREACHABLE_CODE = YES;
				CLANG_WARN__DUPLICATE_METHOD_MATCH = YES;
				CODE_SIGN_IDENTITY = "iPhone Developer";
				COPY_PHASE_STRIP = NO;
				DEBUG_INFORMATION_FORMAT = "dwarf-with-dsym";
				ENABLE_NS_ASSERTIONS = NO;
				ENABLE_STRICT_OBJC_MSGSEND = YES;
				GCC_C_LANGUAGE_STANDARD = gnu11;
				GCC_NO_COMMON_BLOCKS = YES;
				GCC_WARN_64_TO_32_BIT_CONVERSION = YES;
				GCC_WARN_ABOUT_RETURN_TYPE = YES_ERROR;
				GCC_WARN_UNDECLARED_SELECTOR = YES;
				GCC_WARN_UNINITIALIZED_AUTOS = YES_AGGRESSIVE;
				GCC_WARN_UNUSED_FUNCTION = YES;
				GCC_WARN_UNUSED_VARIABLE = YES;
				IPHONEOS_DEPLOYMENT_TARGET = 12.0;
				MTL_ENABLE_DEBUG_INFO = NO;
				MTL_FAST_MATH = YES;
				SDKROOT = iphoneos;
				VALIDATE_PRODUCT = YES;
			};
			name = Release;
		};
		5A68284C22A8AB0F00CC3D6F /* Debug */ = {
			isa = XCBuildConfiguration;
			baseConfigurationReference = 9E267295BF769BFA7BCF79CF /* Pods-唯独影院.debug.xcconfig */;
			buildSettings = {
				ASSETCATALOG_COMPILER_APPICON_NAME = AppIcon;
				CODE_SIGN_STYLE = Automatic;
				INFOPLIST_FILE = "唯独影院/Info.plist";
				LD_RUNPATH_SEARCH_PATHS = (
					"$(inherited)",
					"@executable_path/Frameworks",
				);
				PRODUCT_BUNDLE_IDENTIFIER = "com.----";
				PRODUCT_NAME = "$(TARGET_NAME)";
				TARGETED_DEVICE_FAMILY = "1,2";
			};
			name = Debug;
		};
		5A68284D22A8AB0F00CC3D6F /* Release */ = {
			isa = XCBuildConfiguration;
			baseConfigurationReference = F5747749059D9D3B9E8B3C32 /* Pods-唯独影院.release.xcconfig */;
			buildSettings = {
				ASSETCATALOG_COMPILER_APPICON_NAME = AppIcon;
				CODE_SIGN_STYLE = Automatic;
				INFOPLIST_FILE = "唯独影院/Info.plist";
				LD_RUNPATH_SEARCH_PATHS = (
					"$(inherited)",
					"@executable_path/Frameworks",
				);
				PRODUCT_BUNDLE_IDENTIFIER = "com.----";
				PRODUCT_NAME = "$(TARGET_NAME)";
				TARGETED_DEVICE_FAMILY = "1,2";
			};
			name = Release;
		};
/* End XCBuildConfiguration section */

/* Begin XCConfigurationList section */
		5A68283022A8AB0D00CC3D6F /* Build configuration list for PBXProject "唯独影院" */ = {
			isa = XCConfigurationList;
			buildConfigurations = (
				5A68284922A8AB0F00CC3D6F /* Debug */,
				5A68284A22A8AB0F00CC3D6F /* Release */,
			);
			defaultConfigurationIsVisible = 0;
			defaultConfigurationName = Release;
		};
		5A68284B22A8AB0F00CC3D6F /* Build configuration list for PBXNativeTarget "唯独影院" */ = {
			isa = XCConfigurationList;
			buildConfigurations = (
				5A68284C22A8AB0F00CC3D6F /* Debug */,
				5A68284D22A8AB0F00CC3D6F /* Release */,
			);
			defaultConfigurationIsVisible = 0;
			defaultConfigurationName = Release;
		};
/* End XCConfigurationList section */
	};
	rootObject = 5A68282D22A8AB0D00CC3D6F /* Project object */;
}
